PODS:
  - Alamofire (4.7.0)
  - SwiftyJSON (4.0.0)

DEPENDENCIES:
  - Alamofire (~> 4.7)
  - SwiftyJSON (~> 4.0)

SPEC REPOS:
  https://github.com/cocoapods/specs.git:
    - Alamofire
    - SwiftyJSON

SPEC CHECKSUMS:
  Alamofire: 907e0a98eb68cdb7f9d1f541a563d6ac5dc77b25
  SwiftyJSON: 070dabdcb1beb81b247c65ffa3a79dbbfb3b48aa

PODFILE CHECKSUM: 4c3f70f9c9622f5c80dc0aaa31180d6321714bb2

COCOAPODS: 1.5.3
